// !$*UTF8*$!
{
	archiveVersion = 1;
	classes = {
	};
	objectVersion = 55;
	objects = {

/* Begin PBXBuildFile section */
		D82AA82F271076F600A2608D /* SchoolDetailViewController.swift in Sources */ = {isa = PBXBuildFile; fileRef = D82AA82E271076F600A2608D /* SchoolDetailViewController.swift */; };
		D8B1C476270BBC5600036B35 /* AppDelegate.swift in Sources */ = {isa = PBXBuildFile; fileRef = D8B1C475270BBC5600036B35 /* AppDelegate.swift */; };
		D8B1C478270BBC5600036B35 /* SceneDelegate.swift in Sources */ = {isa = PBXBuildFile; fileRef = D8B1C477270BBC5600036B35 /* SceneDelegate.swift */; };
		D8B1C47D270BBC5600036B35 /* Main.storyboard in Resources */ = {isa = PBXBuildFile; fileRef = D8B1C47B270BBC5600036B35 /* Main.storyboard */; };
		D8B1C47F270BBC5600036B35 /* Assets.xcassets in Resources */ = {isa = PBXBuildFile; fileRef = D8B1C47E270BBC5600036B35 /* Assets.xcassets */; };
		D8B1C482270BBC5600036B35 /* LaunchScreen.storyboard in Resources */ = {isa = PBXBuildFile; fileRef = D8B1C480270BBC5600036B35 /* LaunchScreen.storyboard */; };
		D8B1C48D270BBC5600036B35 /* NJSchoolsTests.swift in Sources */ = {isa = PBXBuildFile; fileRef = D8B1C48C270BBC5600036B35 /* NJSchoolsTests.swift */; };
		D8B1C497270BBC5600036B35 /* NJSchoolsUITests.swift in Sources */ = {isa = PBXBuildFile; fileRef = D8B1C496270BBC5600036B35 /* NJSchoolsUITests.swift */; };
		D8B1C499270BBC5600036B35 /* NJSchoolsUITestsLaunchTests.swift in Sources */ = {isa = PBXBuildFile; fileRef = D8B1C498270BBC5600036B35 /* NJSchoolsUITestsLaunchTests.swift */; };
		D8B1C4A9270BBEB500036B35 /* SchoolTableViewController.swift in Sources */ = {isa = PBXBuildFile; fileRef = D8B1C4A8270BBEB500036B35 /* SchoolTableViewController.swift */; };
		D8B1C4AB270BBF4B00036B35 /* NJSchoolsModel.swift in Sources */ = {isa = PBXBuildFile; fileRef = D8B1C4AA270BBF4B00036B35 /* NJSchoolsModel.swift */; };
		D8B1C4AD270BCE8000036B35 /* CustomSchoolTableViewCell.swift in Sources */ = {isa = PBXBuildFile; fileRef = D8B1C4AC270BCE8000036B35 /* CustomSchoolTableViewCell.swift */; };
		F1AFF5082710F24800EF56C4 /* NJSchools.json in Resources */ = {isa = PBXBuildFile; fileRef = F1AFF5072710F24800EF56C4 /* NJSchools.json */; };
/* End PBXBuildFile section */

/* Begin PBXContainerItemProxy section */
		D8B1C489270BBC5600036B35 /* PBXContainerItemProxy */ = {
			isa = PBXContainerItemProxy;
			containerPortal = D8B1C46A270BBC5600036B35 /* Project object */;
			proxyType = 1;
			remoteGlobalIDString = D8B1C471270BBC5600036B35;
			remoteInfo = NJSchools;
		};
		D8B1C493270BBC5600036B35 /* PBXContainerItemProxy */ = {
			isa = PBXContainerItemProxy;
			containerPortal = D8B1C46A270BBC5600036B35 /* Project object */;
			proxyType = 1;
			remoteGlobalIDString = D8B1C471270BBC5600036B35;
			remoteInfo = NJSchools;
		};
/* End PBXContainerItemProxy section */

/* Begin PBXFileReference section */
		D82AA82E271076F600A2608D /* SchoolDetailViewController.swift */ = {isa = PBXFileReference; lastKnownFileType = sourcecode.swift; path = SchoolDetailViewController.swift; sourceTree = "<group>"; };
		D8B1C472270BBC5600036B35 /* NJSchools.app */ = {isa = PBXFileReference; explicitFileType = wrapper.application; includeInIndex = 0; path = NJSchools.app; sourceTree = BUILT_PRODUCTS_DIR; };
		D8B1C475270BBC5600036B35 /* AppDelegate.swift */ = {isa = PBXFileReference; lastKnownFileType = sourcecode.swift; path = AppDelegate.swift; sourceTree = "<group>"; };
		D8B1C477270BBC5600036B35 /* SceneDelegate.swift */ = {isa = PBXFileReference; lastKnownFileType = sourcecode.swift; path = SceneDelegate.swift; sourceTree = "<group>"; };
		D8B1C47C270BBC5600036B35 /* Base */ = {isa = PBXFileReference; lastKnownFileType = file.storyboard; name = Base; path = Base.lproj/Main.storyboard; sourceTree = "<group>"; };
		D8B1C47E270BBC5600036B35 /* Assets.xcassets */ = {isa = PBXFileReference; lastKnownFileType = folder.assetcatalog; path = Assets.xcassets; sourceTree = "<group>"; };
		D8B1C481270BBC5600036B35 /* Base */ = {isa = PBXFileReference; lastKnownFileType = file.storyboard; name = Base; path = Base.lproj/LaunchScreen.storyboard; sourceTree = "<group>"; };
		D8B1C483270BBC5600036B35 /* Info.plist */ = {isa = PBXFileReference; lastKnownFileType = text.plist.xml; path = Info.plist; sourceTree = "<group>"; };
		D8B1C488270BBC5600036B35 /* NJSchoolsTests.xctest */ = {isa = PBXFileReference; explicitFileType = wrapper.cfbundle; includeInIndex = 0; path = NJSchoolsTests.xctest; sourceTree = BUILT_PRODUCTS_DIR; };
		D8B1C48C270BBC5600036B35 /* NJSchoolsTests.swift */ = {isa = PBXFileReference; lastKnownFileType = sourcecode.swift; path = NJSchoolsTests.swift; sourceTree = "<group>"; };
		D8B1C492270BBC5600036B35 /* NJSchoolsUITests.xctest */ = {isa = PBXFileReference; explicitFileType = wrapper.cfbundle; includeInIndex = 0; path = NJSchoolsUITests.xctest; sourceTree = BUILT_PRODUCTS_DIR; };
		D8B1C496270BBC5600036B35 /* NJSchoolsUITests.swift */ = {isa = PBXFileReference; lastKnownFileType = sourcecode.swift; path = NJSchoolsUITests.swift; sourceTree = "<group>"; };
		D8B1C498270BBC5600036B35 /* NJSchoolsUITestsLaunchTests.swift */ = {isa = PBXFileReference; lastKnownFileType = sourcecode.swift; path = NJSchoolsUITestsLaunchTests.swift; sourceTree = "<group>"; };
		D8B1C4A8270BBEB500036B35 /* SchoolTableViewController.swift */ = {isa = PBXFileReference; lastKnownFileType = sourcecode.swift; path = SchoolTableViewController.swift; sourceTree = "<group>"; };
		D8B1C4AA270BBF4B00036B35 /* NJSchoolsModel.swift */ = {isa = PBXFileReference; lastKnownFileType = sourcecode.swift; path = NJSchoolsModel.swift; sourceTree = "<group>"; };
		D8B1C4AC270BCE8000036B35 /* CustomSchoolTableViewCell.swift */ = {isa = PBXFileReference; lastKnownFileType = sourcecode.swift; path = CustomSchoolTableViewCell.swift; sourceTree = "<group>"; };
		F1AFF5072710F24800EF56C4 /* NJSchools.json */ = {isa = PBXFileReference; fileEncoding = 4; lastKnownFileType = text.json; path = NJSchools.json; sourceTree = "<group>"; };
/* End PBXFileReference section */

/* Begin PBXFrameworksBuildPhase section */
		D8B1C46F270BBC5600036B35 /* Frameworks */ = {
			isa = PBXFrameworksBuildPhase;
			buildActionMask = 2147483647;
			files = (
			);
			runOnlyForDeploymentPostprocessing = 0;
		};
		D8B1C485270BBC5600036B35 /* Frameworks */ = {
			isa = PBXFrameworksBuildPhase;
			buildActionMask = 2147483647;
			files = (
			);
			runOnlyForDeploymentPostprocessing = 0;
		};
		D8B1C48F270BBC5600036B35 /* Frameworks */ = {
			isa = PBXFrameworksBuildPhase;
			buildActionMask = 2147483647;
			files = (
			);
			runOnlyForDeploymentPostprocessing = 0;
		};
/* End PBXFrameworksBuildPhase section */

/* Begin PBXGroup section */
		D8B1C469270BBC5600036B35 = {
			isa = PBXGroup;
			children = (
				D8B1C474270BBC5600036B35 /* NJSchools */,
				D8B1C48B270BBC5600036B35 /* NJSchoolsTests */,
				D8B1C495270BBC5600036B35 /* NJSchoolsUITests */,
				D8B1C473270BBC5600036B35 /* Products */,
			);
			sourceTree = "<group>";
		};
		D8B1C473270BBC5600036B35 /* Products */ = {
			isa = PBXGroup;
			children = (
				D8B1C472270BBC5600036B35 /* NJSchools.app */,
				D8B1C488270BBC5600036B35 /* NJSchoolsTests.xctest */,
				D8B1C492270BBC5600036B35 /* NJSchoolsUITests.xctest */,
			);
			name = Products;
			sourceTree = "<group>";
		};
		D8B1C474270BBC5600036B35 /* NJSchools */ = {
			isa = PBXGroup;
			children = (
				D8B1C4A5270BBC9100036B35 /* App Files */,
				D8B1C47B270BBC5600036B35 /* Main.storyboard */,
				D8B1C4AC270BCE8000036B35 /* CustomSchoolTableViewCell.swift */,
				D8B1C4A8270BBEB500036B35 /* SchoolTableViewController.swift */,
				D82AA82E271076F600A2608D /* SchoolDetailViewController.swift */,
				D8B1C4AA270BBF4B00036B35 /* NJSchoolsModel.swift */,
				D8B1C47E270BBC5600036B35 /* Assets.xcassets */,
				F1AFF5072710F24800EF56C4 /* NJSchools.json */,
				D8B1C480270BBC5600036B35 /* LaunchScreen.storyboard */,
				D8B1C483270BBC5600036B35 /* Info.plist */,
			);
			path = NJSchools;
			sourceTree = "<group>";
		};
		D8B1C48B270BBC5600036B35 /* NJSchoolsTests */ = {
			isa = PBXGroup;
			children = (
				D8B1C48C270BBC5600036B35 /* NJSchoolsTests.swift */,
			);
			path = NJSchoolsTests;
			sourceTree = "<group>";
		};
		D8B1C495270BBC5600036B35 /* NJSchoolsUITests */ = {
			isa = PBXGroup;
			children = (
				D8B1C496270BBC5600036B35 /* NJSchoolsUITests.swift */,
				D8B1C498270BBC5600036B35 /* NJSchoolsUITestsLaunchTests.swift */,
			);
			path = NJSchoolsUITests;
			sourceTree = "<group>";
		};
		D8B1C4A5270BBC9100036B35 /* App Files */ = {
			isa = PBXGroup;
			children = (
				D8B1C475270BBC5600036B35 /* AppDelegate.swift */,
				D8B1C477270BBC5600036B35 /* SceneDelegate.swift */,
			);
			path = "App Files";
			sourceTree = "<group>";
		};
/* End PBXGroup section */

/* Begin PBXNativeTarget section */
		D8B1C471270BBC5600036B35 /* NJSchools */ = {
			isa = PBXNativeTarget;
			buildConfigurationList = D8B1C49C270BBC5600036B35 /* Build configuration list for PBXNativeTarget "NJSchools" */;
			buildPhases = (
				D8B1C46E270BBC5600036B35 /* Sources */,
				D8B1C46F270BBC5600036B35 /* Frameworks */,
				D8B1C470270BBC5600036B35 /* Resources */,
			);
			buildRules = (
			);
			dependencies = (
			);
			name = NJSchools;
			productName = NJSchools;
			productReference = D8B1C472270BBC5600036B35 /* NJSchools.app */;
			productType = "com.apple.product-type.application";
		};
		D8B1C487270BBC5600036B35 /* NJSchoolsTests */ = {
			isa = PBXNativeTarget;
			buildConfigurationList = D8B1C49F270BBC5600036B35 /* Build configuration list for PBXNativeTarget "NJSchoolsTests" */;
			buildPhases = (
				D8B1C484270BBC5600036B35 /* Sources */,
				D8B1C485270BBC5600036B35 /* Frameworks */,
				D8B1C486270BBC5600036B35 /* Resources */,
			);
			buildRules = (
			);
			dependencies = (
				D8B1C48A270BBC5600036B35 /* PBXTargetDependency */,
			);
			name = NJSchoolsTests;
			productName = NJSchoolsTests;
			productReference = D8B1C488270BBC5600036B35 /* NJSchoolsTests.xctest */;
			productType = "com.apple.product-type.bundle.unit-test";
		};
		D8B1C491270BBC5600036B35 /* NJSchoolsUITests */ = {
			isa = PBXNativeTarget;
			buildConfigurationList = D8B1C4A2270BBC5600036B35 /* Build configuration list for PBXNativeTarget "NJSchoolsUITests" */;
			buildPhases = (
				D8B1C48E270BBC5600036B35 /* Sources */,
				D8B1C48F270BBC5600036B35 /* Frameworks */,
				D8B1C490270BBC5600036B35 /* Resources */,
			);
			buildRules = (
			);
			dependencies = (
				D8B1C494270BBC5600036B35 /* PBXTargetDependency */,
			);
			name = NJSchoolsUITests;
			productName = NJSchoolsUITests;
			productReference = D8B1C492270BBC5600036B35 /* NJSchoolsUITests.xctest */;
			productType = "com.apple.product-type.bundle.ui-testing";
		};
/* End PBXNativeTarget section */

/* Begin PBXProject section */
		D8B1C46A270BBC5600036B35 /* Project object */ = {
			isa = PBXProject;
			attributes = {
				BuildIndependentTargetsInParallel = 1;
				LastSwiftUpdateCheck = 1300;
				LastUpgradeCheck = 1300;
				TargetAttributes = {
					D8B1C471270BBC5600036B35 = {
						CreatedOnToolsVersion = 13.0;
					};
					D8B1C487270BBC5600036B35 = {
						CreatedOnToolsVersion = 13.0;
						TestTargetID = D8B1C471270BBC5600036B35;
					};
					D8B1C491270BBC5600036B35 = {
						CreatedOnToolsVersion = 13.0;
						TestTargetID = D8B1C471270BBC5600036B35;
					};
				};
			};
			buildConfigurationList = D8B1C46D270BBC5600036B35 /* Build configuration list for PBXProject "NJSchools" */;
			compatibilityVersion = "Xcode 13.0";
			developmentRegion = en;
			hasScannedForEncodings = 0;
			knownRegions = (
				en,
				Base,
			);
			mainGroup = D8B1C469270BBC5600036B35;
			productRefGroup = D8B1C473270BBC5600036B35 /* Products */;
			projectDirPath = "";
			projectRoot = "";
			targets = (
				D8B1C471270BBC5600036B35 /* NJSchools */,
				D8B1C487270BBC5600036B35 /* NJSchoolsTests */,
				D8B1C491270BBC5600036B35 /* NJSchoolsUITests */,
			);
		};
/* End PBXProject section */

/* Begin PBXResourcesBuildPhase section */
		D8B1C470270BBC5600036B35 /* Resources */ = {
			isa = PBXResourcesBuildPhase;
			buildActionMask = 2147483647;
			files = (
				D8B1C482270BBC5600036B35 /* LaunchScreen.storyboard in Resources */,
				F1AFF5082710F24800EF56C4 /* NJSchools.json in Resources */,
				D8B1C47F270BBC5600036B35 /* Assets.xcassets in Resources */,
				D8B1C47D270BBC5600036B35 /* Main.storyboard in Resources */,
			);
			runOnlyForDeploymentPostprocessing = 0;
		};
		D8B1C486270BBC5600036B35 /* Resources */ = {
			isa = PBXResourcesBuildPhase;
			buildActionMask = 2147483647;
			files = (
			);
			runOnlyForDeploymentPostprocessing = 0;
		};
		D8B1C490270BBC5600036B35 /* Resources */ = {
			isa = PBXResourcesBuildPhase;
			buildActionMask = 2147483647;
			files = (
			);
			runOnlyForDeploymentPostprocessing = 0;
		};
/* End PBXResourcesBuildPhase section */

/* Begin PBXSourcesBuildPhase section */
		D8B1C46E270BBC5600036B35 /* Sources */ = {
			isa = PBXSourcesBuildPhase;
			buildActionMask = 2147483647;
			files = (
				D82AA82F271076F600A2608D /* SchoolDetailViewController.swift in Sources */,
				D8B1C4A9270BBEB500036B35 /* SchoolTableViewController.swift in Sources */,
				D8B1C476270BBC5600036B35 /* AppDelegate.swift in Sources */,
				D8B1C478270BBC5600036B35 /* SceneDelegate.swift in Sources */,
				D8B1C4AD270BCE8000036B35 /* CustomSchoolTableViewCell.swift in Sources */,
				D8B1C4AB270BBF4B00036B35 /* NJSchoolsModel.swift in Sources */,
			);
			runOnlyForDeploymentPostprocessing = 0;
		};
		D8B1C484270BBC5600036B35 /* Sources */ = {
			isa = PBXSourcesBuildPhase;
			buildActionMask = 2147483647;
			files = (
				D8B1C48D270BBC5600036B35 /* NJSchoolsTests.swift in Sources */,
			);
			runOnlyForDeploymentPostprocessing = 0;
		};
		D8B1C48E270BBC5600036B35 /* Sources */ = {
			isa = PBXSourcesBuildPhase;
			buildActionMask = 2147483647;
			files = (
				D8B1C499270BBC5600036B35 /* NJSchoolsUITestsLaunchTests.swift in Sources */,
				D8B1C497270BBC5600036B35 /* NJSchoolsUITests.swift in Sources */,
			);
			runOnlyForDeploymentPostprocessing = 0;
		};
/* End PBXSourcesBuildPhase section */

/* Begin PBXTargetDependency section */
		D8B1C48A270BBC5600036B35 /* PBXTargetDependency */ = {
			isa = PBXTargetDependency;
			target = D8B1C471270BBC5600036B35 /* NJSchools */;
			targetProxy = D8B1C489270BBC5600036B35 /* PBXContainerItemProxy */;
		};
		D8B1C494270BBC5600036B35 /* PBXTargetDependency */ = {
			isa = PBXTargetDependency;
			target = D8B1C471270BBC5600036B35 /* NJSchools */;
			targetProxy = D8B1C493270BBC5600036B35 /* PBXContainerItemProxy */;
		};
/* End PBXTargetDependency section */

/* Begin PBXVariantGroup section */
		D8B1C47B270BBC5600036B35 /* Main.storyboard */ = {
			isa = PBXVariantGroup;
			children = (
				D8B1C47C270BBC5600036B35 /* Base */,
			);
			name = Main.storyboard;
			sourceTree = "<group>";
		};
		D8B1C480270BBC5600036B35 /* LaunchScreen.storyboard */ = {
			isa = PBXVariantGroup;
			children = (
				D8B1C481270BBC5600036B35 /* Base */,
			);
			name = LaunchScreen.storyboard;
			sourceTree = "<group>";
		};
/* End PBXVariantGroup section */

/* Begin XCBuildConfiguration section */
		D8B1C49A270BBC5600036B35 /* Debug */ = {
			isa = XCBuildConfiguration;
			buildSettings = {
				ALWAYS_SEARCH_USER_PATHS = NO;
				CLANG_ANALYZER_NONNULL = YES;
				CLANG_ANALYZER_NUMBER_OBJECT_CONVERSION = YES_AGGRESSIVE;
				CLANG_CXX_LANGUAGE_STANDARD = "gnu++17";
				CLANG_CXX_LIBRARY = "libc++";
				CLANG_ENABLE_MODULES = YES;
				CLANG_ENABLE_OBJC_ARC = YES;
				CLANG_ENABLE_OBJC_WEAK = YES;
				CLANG_WARN_BLOCK_CAPTURE_AUTORELEASING = YES;
				CLANG_WARN_BOOL_CONVERSION = YES;
				CLANG_WARN_COMMA = YES;
				CLANG_WARN_CONSTANT_CONVERSION = YES;
				CLANG_WARN_DEPRECATED_OBJC_IMPLEMENTATIONS = YES;
				CLANG_WARN_DIRECT_OBJC_ISA_USAGE = YES_ERROR;
				CLANG_WARN_DOCUMENTATION_COMMENTS = YES;
				CLANG_WARN_EMPTY_BODY = YES;
				CLANG_WARN_ENUM_CONVERSION = YES;
				CLANG_WARN_INFINITE_RECURSION = YES;
				CLANG_WARN_INT_CONVERSION = YES;
				CLANG_WARN_NON_LITERAL_NULL_CONVERSION = YES;
				CLANG_WARN_OBJC_IMPLICIT_RETAIN_SELF = YES;
				CLANG_WARN_OBJC_LITERAL_CONVERSION = YES;
				CLANG_WARN_OBJC_ROOT_CLASS = YES_ERROR;
				CLANG_WARN_QUOTED_INCLUDE_IN_FRAMEWORK_HEADER = YES;
				CLANG_WARN_RANGE_LOOP_ANALYSIS = YES;
				CLANG_WARN_STRICT_PROTOTYPES = YES;
				CLANG_WARN_SUSPICIOUS_MOVE = YES;
				CLANG_WARN_UNGUARDED_AVAILABILITY = YES_AGGRESSIVE;
				CLANG_WARN_UNREACHABLE_CODE = YES;
				CLANG_WARN__DUPLICATE_METHOD_MATCH = YES;
				COPY_PHASE_STRIP = NO;
				DEBUG_INFORMATION_FORMAT = dwarf;
				ENABLE_STRICT_OBJC_MSGSEND = YES;
				ENABLE_TESTABILITY = YES;
				GCC_C_LANGUAGE_STANDARD = gnu11;
				GCC_DYNAMIC_NO_PIC = NO;
				GCC_NO_COMMON_BLOCKS = YES;
				GCC_OPTIMIZATION_LEVEL = 0;
				GCC_PREPROCESSOR_DEFINITIONS = (
					"DEBUG=1",
					"$(inherited)",
				);
				GCC_WARN_64_TO_32_BIT_CONVERSION = YES;
				GCC_WARN_ABOUT_RETURN_TYPE = YES_ERROR;
				GCC_WARN_UNDECLARED_SELECTOR = YES;
				GCC_WARN_UNINITIALIZED_AUTOS = YES_AGGRESSIVE;
				GCC_WARN_UNUSED_FUNCTION = YES;
				GCC_WARN_UNUSED_VARIABLE = YES;
				IPHONEOS_DEPLOYMENT_TARGET = 15.0;
				MTL_ENABLE_DEBUG_INFO = INCLUDE_SOURCE;
				MTL_FAST_MATH = YES;
				ONLY_ACTIVE_ARCH = YES;
				SDKROOT = iphoneos;
				SWIFT_ACTIVE_COMPILATION_CONDITIONS = DEBUG;
				SWIFT_OPTIMIZATION_LEVEL = "-Onone";
			};
			name = Debug;
		};
		D8B1C49B270BBC5600036B35 /* Release */ = {
			isa = XCBuildConfiguration;
			buildSettings = {
				ALWAYS_SEARCH_USER_PATHS = NO;
				CLANG_ANALYZER_NONNULL = YES;
				CLANG_ANALYZER_NUMBER_OBJECT_CONVERSION = YES_AGGRESSIVE;
				CLANG_CXX_LANGUAGE_STANDARD = "gnu++17";
				CLANG_CXX_LIBRARY = "libc++";
				CLANG_ENABLE_MODULES = YES;
				CLANG_ENABLE_OBJC_ARC = YES;
				CLANG_ENABLE_OBJC_WEAK = YES;
				CLANG_WARN_BLOCK_CAPTURE_AUTORELEASING = YES;
				CLANG_WARN_BOOL_CONVERSION = YES;
				CLANG_WARN_COMMA = YES;
				CLANG_WARN_CONSTANT_CONVERSION = YES;
				CLANG_WARN_DEPRECATED_OBJC_IMPLEMENTATIONS = YES;
				CLANG_WARN_DIRECT_OBJC_ISA_USAGE = YES_ERROR;
				CLANG_WARN_DOCUMENTATION_COMMENTS = YES;
				CLANG_WARN_EMPTY_BODY = YES;
				CLANG_WARN_ENUM_CONVERSION = YES;
				CLANG_WARN_INFINITE_RECURSION = YES;
				CLANG_WARN_INT_CONVERSION = YES;
				CLANG_WARN_NON_LITERAL_NULL_CONVERSION = YES;
				CLANG_WARN_OBJC_IMPLICIT_RETAIN_SELF = YES;
				CLANG_WARN_OBJC_LITERAL_CONVERSION = YES;
				CLANG_WARN_OBJC_ROOT_CLASS = YES_ERROR;
				CLANG_WARN_QUOTED_INCLUDE_IN_FRAMEWORK_HEADER = YES;
				CLANG_WARN_RANGE_LOOP_ANALYSIS = YES;
				CLANG_WARN_STRICT_PROTOTYPES = YES;
				CLANG_WARN_SUSPICIOUS_MOVE = YES;
				CLANG_WARN_UNGUARDED_AVAILABILITY = YES_AGGRESSIVE;
				CLANG_WARN_UNREACHABLE_CODE = YES;
				CLANG_WARN__DUPLICATE_METHOD_MATCH = YES;
				COPY_PHASE_STRIP = NO;
				DEBUG_INFORMATION_FORMAT = "dwarf-with-dsym";
				ENABLE_NS_ASSERTIONS = NO;
				ENABLE_STRICT_OBJC_MSGSEND = YES;
				GCC_C_LANGUAGE_STANDARD = gnu11;
				GCC_NO_COMMON_BLOCKS = YES;
				GCC_WARN_64_TO_32_BIT_CONVERSION = YES;
				GCC_WARN_ABOUT_RETURN_TYPE = YES_ERROR;
				GCC_WARN_UNDECLARED_SELECTOR = YES;
				GCC_WARN_UNINITIALIZED_AUTOS = YES_AGGRESSIVE;
				GCC_WARN_UNUSED_FUNCTION = YES;
				GCC_WARN_UNUSED_VARIABLE = YES;
				IPHONEOS_DEPLOYMENT_TARGET = 15.0;
				MTL_ENABLE_DEBUG_INFO = NO;
				MTL_FAST_MATH = YES;
				SDKROOT = iphoneos;
				SWIFT_COMPILATION_MODE = wholemodule;
				SWIFT_OPTIMIZATION_LEVEL = "-O";
				VALIDATE_PRODUCT = YES;
			};
			name = Release;
		};
		D8B1C49D270BBC5600036B35 /* Debug */ = {
			isa = XCBuildConfiguration;
			buildSettings = {
				ASSETCATALOG_COMPILER_APPICON_NAME = AppIcon;
				ASSETCATALOG_COMPILER_GLOBAL_ACCENT_COLOR_NAME = AccentColor;
				CODE_SIGN_STYLE = Automatic;
				CURRENT_PROJECT_VERSION = 1;
				DEVELOPMENT_TEAM = 4TTV3W8S28;
				GENERATE_INFOPLIST_FILE = YES;
				INFOPLIST_FILE = NJSchools/Info.plist;
				INFOPLIST_KEY_UIApplicationSupportsIndirectInputEvents = YES;
				INFOPLIST_KEY_UILaunchStoryboardName = LaunchScreen;
				INFOPLIST_KEY_UIMainStoryboardFile = Main;
				INFOPLIST_KEY_UISupportedInterfaceOrientations_iPad = "UIInterfaceOrientationPortrait UIInterfaceOrientationPortraitUpsideDown UIInterfaceOrientationLandscapeLeft UIInterfaceOrientationLandscapeRight";
				INFOPLIST_KEY_UISupportedInterfaceOrientations_iPhone = "UIInterfaceOrientationPortrait UIInterfaceOrientationLandscapeLeft UIInterfaceOrientationLandscapeRight";
				LD_RUNPATH_SEARCH_PATHS = (
					"$(inherited)",
					"@executable_path/Frameworks",
				);
				MARKETING_VERSION = 1.0;
				PRODUCT_BUNDLE_IDENTIFIER = edu.monmouth.CS337.s1278692.NJSchools;
				PRODUCT_NAME = "$(TARGET_NAME)";
				SWIFT_EMIT_LOC_STRINGS = YES;
				SWIFT_VERSION = 5.0;
				TARGETED_DEVICE_FAMILY = "1,2";
			};
			name = Debug;
		};
		D8B1C49E270BBC5600036B35 /* Release */ = {
			isa = XCBuildConfiguration;
			buildSettings = {
				ASSETCATALOG_COMPILER_APPICON_NAME = AppIcon;
				ASSETCATALOG_COMPILER_GLOBAL_ACCENT_COLOR_NAME = AccentColor;
				CODE_SIGN_STYLE = Automatic;
				CURRENT_PROJECT_VERSION = 1;
				DEVELOPMENT_TEAM = 4TTV3W8S28;
				GENERATE_INFOPLIST_FILE = YES;
				INFOPLIST_FILE = NJSchools/Info.plist;
				INFOPLIST_KEY_UIApplicationSupportsIndirectInputEvents = YES;
				INFOPLIST_KEY_UILaunchStoryboardName = LaunchScreen;
				INFOPLIST_KEY_UIMainStoryboardFile = Main;
				INFOPLIST_KEY_UISupportedInterfaceOrientations_iPad = "UIInterfaceOrientationPortrait UIInterfaceOrientationPortraitUpsideDown UIInterfaceOrientationLandscapeLeft UIInterfaceOrientationLandscapeRight";
				INFOPLIST_KEY_UISupportedInterfaceOrientations_iPhone = "UIInterfaceOrientationPortrait UIInterfaceOrientationLandscapeLeft UIInterfaceOrientationLandscapeRight";
				LD_RUNPATH_SEARCH_PATHS = (
					"$(inherited)",
					"@executable_path/Frameworks",
				);
				MARKETING_VERSION = 1.0;
				PRODUCT_BUNDLE_IDENTIFIER = edu.monmouth.CS337.s1278692.NJSchools;
				PRODUCT_NAME = "$(TARGET_NAME)";
				SWIFT_EMIT_LOC_STRINGS = YES;
				SWIFT_VERSION = 5.0;
				TARGETED_DEVICE_FAMILY = "1,2";
			};
			name = Release;
		};
		D8B1C4A0270BBC5600036B35 /* Debug */ = {
			isa = XCBuildConfiguration;
			buildSettings = {
				ALWAYS_EMBED_SWIFT_STANDARD_LIBRARIES = YES;
				BUNDLE_LOADER = "$(TEST_HOST)";
				CODE_SIGN_STYLE = Automatic;
				CURRENT_PROJECT_VERSION = 1;
				DEVELOPMENT_TEAM = 4TTV3W8S28;
				GENERATE_INFOPLIST_FILE = YES;
				IPHONEOS_DEPLOYMENT_TARGET = 15.0;
				LD_RUNPATH_SEARCH_PATHS = (
					"$(inherited)",
					"@executable_path/Frameworks",
					"@loader_path/Frameworks",
				);
				MARKETING_VERSION = 1.0;
				PRODUCT_BUNDLE_IDENTIFIER = edu.monmouth.CS337.s1278692.NJSchoolsTests;
				PRODUCT_NAME = "$(TARGET_NAME)";
				SWIFT_EMIT_LOC_STRINGS = NO;
				SWIFT_VERSION = 5.0;
				TARGETED_DEVICE_FAMILY = "1,2";
				TEST_HOST = "$(BUILT_PRODUCTS_DIR)/NJSchools.app/NJSchools";
			};
			name = Debug;
		};
		D8B1C4A1270BBC5600036B35 /* Release */ = {
			isa = XCBuildConfiguration;
			buildSettings = {
				ALWAYS_EMBED_SWIFT_STANDARD_LIBRARIES = YES;
				BUNDLE_LOADER = "$(TEST_HOST)";
				CODE_SIGN_STYLE = Automatic;
				CURRENT_PROJECT_VERSION = 1;
				DEVELOPMENT_TEAM = 4TTV3W8S28;
				GENERATE_INFOPLIST_FILE = YES;
				IPHONEOS_DEPLOYMENT_TARGET = 15.0;
				LD_RUNPATH_SEARCH_PATHS = (
					"$(inherited)",
					"@executable_path/Frameworks",
					"@loader_path/Frameworks",
				);
				MARKETING_VERSION = 1.0;
				PRODUCT_BUNDLE_IDENTIFIER = edu.monmouth.CS337.s1278692.NJSchoolsTests;
				PRODUCT_NAME = "$(TARGET_NAME)";
				SWIFT_EMIT_LOC_STRINGS = NO;
				SWIFT_VERSION = 5.0;
				TARGETED_DEVICE_FAMILY = "1,2";
				TEST_HOST = "$(BUILT_PRODUCTS_DIR)/NJSchools.app/NJSchools";
			};
			name = Release;
		};
		D8B1C4A3270BBC5600036B35 /* Debug */ = {
			isa = XCBuildConfiguration;
			buildSettings = {
				ALWAYS_EMBED_SWIFT_STANDARD_LIBRARIES = YES;
				CODE_SIGN_STYLE = Automatic;
				CURRENT_PROJECT_VERSION = 1;
				DEVELOPMENT_TEAM = 4TTV3W8S28;
				GENERATE_INFOPLIST_FILE = YES;
				LD_RUNPATH_SEARCH_PATHS = (
					"$(inherited)",
					"@executable_path/Frameworks",
					"@loader_path/Frameworks",
				);
				MARKETING_VERSION = 1.0;
				PRODUCT_BUNDLE_IDENTIFIER = edu.monmouth.CS337.s1278692.NJSchoolsUITests;
				PRODUCT_NAME = "$(TARGET_NAME)";
				SWIFT_EMIT_LOC_STRINGS = NO;
				SWIFT_VERSION = 5.0;
				TARGETED_DEVICE_FAMILY = "1,2";
				TEST_TARGET_NAME = NJSchools;
			};
			name = Debug;
		};
		D8B1C4A4270BBC5600036B35 /* Release */ = {
			isa = XCBuildConfiguration;
			buildSettings = {
				ALWAYS_EMBED_SWIFT_STANDARD_LIBRARIES = YES;
				CODE_SIGN_STYLE = Automatic;
				CURRENT_PROJECT_VERSION = 1;
				DEVELOPMENT_TEAM = 4TTV3W8S28;
				GENERATE_INFOPLIST_FILE = YES;
				LD_RUNPATH_SEARCH_PATHS = (
					"$(inherited)",
					"@executable_path/Frameworks",
					"@loader_path/Frameworks",
				);
				MARKETING_VERSION = 1.0;
				PRODUCT_BUNDLE_IDENTIFIER = edu.monmouth.CS337.s1278692.NJSchoolsUITests;
				PRODUCT_NAME = "$(TARGET_NAME)";
				SWIFT_EMIT_LOC_STRINGS = NO;
				SWIFT_VERSION = 5.0;
				TARGETED_DEVICE_FAMILY = "1,2";
				TEST_TARGET_NAME = NJSchools;
			};
			name = Release;
		};
/* End XCBuildConfiguration section */

/* Begin XCConfigurationList section */
		D8B1C46D270BBC5600036B35 /* Build configuration list for PBXProject "NJSchools" */ = {
			isa = XCConfigurationList;
			buildConfigurations = (
				D8B1C49A270BBC5600036B35 /* Debug */,
				D8B1C49B270BBC5600036B35 /* Release */,
			);
			defaultConfigurationIsVisible = 0;
			defaultConfigurationName = Release;
		};
		D8B1C49C270BBC5600036B35 /* Build configuration list for PBXNativeTarget "NJSchools" */ = {
			isa = XCConfigurationList;
			buildConfigurations = (
				D8B1C49D270BBC5600036B35 /* Debug */,
				D8B1C49E270BBC5600036B35 /* Release */,
			);
			defaultConfigurationIsVisible = 0;
			defaultConfigurationName = Release;
		};
		D8B1C49F270BBC5600036B35 /* Build configuration list for PBXNativeTarget "NJSchoolsTests" */ = {
			isa = XCConfigurationList;
			buildConfigurations = (
				D8B1C4A0270BBC5600036B35 /* Debug */,
				D8B1C4A1270BBC5600036B35 /* Release */,
			);
			defaultConfigurationIsVisible = 0;
			defaultConfigurationName = Release;
		};
		D8B1C4A2270BBC5600036B35 /* Build configuration list for PBXNativeTarget "NJSchoolsUITests" */ = {
			isa = XCConfigurationList;
			buildConfigurations = (
				D8B1C4A3270BBC5600036B35 /* Debug */,
				D8B1C4A4270BBC5600036B35 /* Release */,
			);
			defaultConfigurationIsVisible = 0;
			defaultConfigurationName = Release;
		};
/* End XCConfigurationList section */
	};
	rootObject = D8B1C46A270BBC5600036B35 /* Project object */;
}
